
Microsoft Visual Studio Solution File, Format Version 12.00
# Visual Studio Version 17
VisualStudioVersion = 17.0.31903.59
MinimumVisualStudioVersion = 10.0.40219.1
Project("{FAE04EC0-301F-11D3-BF4B-00C04F79EFBC}") = "FillSpheres", "FillSpheres\FillSpheres.csproj", "{D138A0E8-3562-4D68-B174-1C9E391F121E}"
EndProject
Project("{FAE04EC0-301F-11D3-BF4B-00C04F79EFBC}") = "BetterFillSpheres", "BetterFillSpheres\BetterFillSpheres.csproj", "{CF7C7EA3-AAAC-413F-8485-D9C5A0625297}"
EndProject
Project("{FAE04EC0-301F-11D3-BF4B-00C04F79EFBC}") = "JustScored", "JustScored\JustScored.csproj", "{5E0C4283-724D-4B32-BECF-66C333357B5B}"
EndProject
Global
	GlobalSection(SolutionConfigurationPlatforms) = preSolution
		Debug|Any CPU = Debug|Any CPU
		Release|Any CPU = Release|Any CPU
	EndGlobalSection
	GlobalSection(SolutionProperties) = preSolution
		HideSolutionNode = FALSE
	EndGlobalSection
	GlobalSection(ProjectConfigurationPlatforms) = postSolution
		{D138A0E8-3562-4D68-B174-1C9E391F121E}.Debug|Any CPU.ActiveCfg = Debug|Any CPU
		{D138A0E8-3562-4D68-B174-1C9E391F121E}.Debug|Any CPU.Build.0 = Debug|Any CPU
		{D138A0E8-3562-4D68-B174-1C9E391F121E}.Release|Any CPU.ActiveCfg = Release|Any CPU
		{D138A0E8-3562-4D68-B174-1C9E391F121E}.Release|Any CPU.Build.0 = Release|Any CPU
		{CF7C7EA3-AAAC-413F-8485-D9C5A0625297}.Debug|Any CPU.ActiveCfg = Debug|Any CPU
		{CF7C7EA3-AAAC-413F-8485-D9C5A0625297}.Debug|Any CPU.Build.0 = Debug|Any CPU
		{CF7C7EA3-AAAC-413F-8485-D9C5A0625297}.Release|Any CPU.ActiveCfg = Release|Any CPU
		{CF7C7EA3-AAAC-413F-8485-D9C5A0625297}.Release|Any CPU.Build.0 = Release|Any CPU
		{5E0C4283-724D-4B32-BECF-66C333357B5B}.Debug|Any CPU.ActiveCfg = Debug|Any CPU
		{5E0C4283-724D-4B32-BECF-66C333357B5B}.Debug|Any CPU.Build.0 = Debug|Any CPU
		{5E0C4283-724D-4B32-BECF-66C333357B5B}.Release|Any CPU.ActiveCfg = Release|Any CPU
		{5E0C4283-724D-4B32-BECF-66C333357B5B}.Release|Any CPU.Build.0 = Release|Any CPU
	EndGlobalSection
EndGlobal
